
Microsoft Visual Studio Solution File, Format Version 12.00
# Visual Studio 14
VisualStudioVersion = 14.0.24720.0
MinimumVisualStudioVersion = 10.0.40219.1
Project("{FAE04EC0-301F-11D3-BF4B-00C04F79EFBC}") = "eCommDemo", "eCommDemo\eCommDemo.csproj", "{0EB3180D-2706-4869-AD32-F80469309575}"
EndProject
Project("{FAE04EC0-301F-11D3-BF4B-00C04F79EFBC}") = "eCommDemo.Messages", "eCommDemo.Messages\eCommDemo.Messages.csproj", "{8A909D40-1E92-4B31-9B67-75B799CEDBB2}"
EndProject
Project("{FAE04EC0-301F-11D3-BF4B-00C04F79EFBC}") = "eCommDemo.Message.Listener", "eCommDemo.Message.Listener\eCommDemo.Message.Listener.csproj", "{A83682EB-EE6B-49D8-8BB7-EDCE7BA99936}"
EndProject
Global
	GlobalSection(SolutionConfigurationPlatforms) = preSolution
		Debug|Any CPU = Debug|Any CPU
		Release|Any CPU = Release|Any CPU
	EndGlobalSection
	GlobalSection(ProjectConfigurationPlatforms) = postSolution
		{0EB3180D-2706-4869-AD32-F80469309575}.Debug|Any CPU.ActiveCfg = Debug|Any CPU
		{0EB3180D-2706-4869-AD32-F80469309575}.Debug|Any CPU.Build.0 = Debug|Any CPU
		{0EB3180D-2706-4869-AD32-F80469309575}.Release|Any CPU.ActiveCfg = Release|Any CPU
		{0EB3180D-2706-4869-AD32-F80469309575}.Release|Any CPU.Build.0 = Release|Any CPU
		{8A909D40-1E92-4B31-9B67-75B799CEDBB2}.Debug|Any CPU.ActiveCfg = Debug|Any CPU
		{8A909D40-1E92-4B31-9B67-75B799CEDBB2}.Debug|Any CPU.Build.0 = Debug|Any CPU
		{8A909D40-1E92-4B31-9B67-75B799CEDBB2}.Release|Any CPU.ActiveCfg = Release|Any CPU
		{8A909D40-1E92-4B31-9B67-75B799CEDBB2}.Release|Any CPU.Build.0 = Release|Any CPU
		{A83682EB-EE6B-49D8-8BB7-EDCE7BA99936}.Debug|Any CPU.ActiveCfg = Debug|Any CPU
		{A83682EB-EE6B-49D8-8BB7-EDCE7BA99936}.Debug|Any CPU.Build.0 = Debug|Any CPU
		{A83682EB-EE6B-49D8-8BB7-EDCE7BA99936}.Release|Any CPU.ActiveCfg = Release|Any CPU
		{A83682EB-EE6B-49D8-8BB7-EDCE7BA99936}.Release|Any CPU.Build.0 = Release|Any CPU
	EndGlobalSection
	GlobalSection(SolutionProperties) = preSolution
		HideSolutionNode = FALSE
	EndGlobalSection
EndGlobal
